
Microsoft Visual Studio Solution File, Format Version 12.00
# Visual Studio 15
VisualStudioVersion = 15.0.28307.1082
MinimumVisualStudioVersion = 10.0.40219.1
Project("{FAE04EC0-301F-11D3-BF4B-00C04F79EFBC}") = "Paketstation", "Paketstation\Paketstation.csproj", "{1A8814D4-61C4-4327-85EB-A50A89509172}"
EndProject
Global
	GlobalSection(SolutionConfigurationPlatforms) = preSolution
		Debug|anycpu = Debug|anycpu
		Release|anycpu = Release|anycpu
	EndGlobalSection
	GlobalSection(ProjectConfigurationPlatforms) = postSolution
		{1A8814D4-61C4-4327-85EB-A50A89509172}.Debug|anycpu.ActiveCfg = Debug|Any CPU
		{1A8814D4-61C4-4327-85EB-A50A89509172}.Debug|anycpu.Build.0 = Debug|Any CPU
		{1A8814D4-61C4-4327-85EB-A50A89509172}.Release|anycpu.ActiveCfg = Release|Any CPU
		{1A8814D4-61C4-4327-85EB-A50A89509172}.Release|anycpu.Build.0 = Release|Any CPU
	EndGlobalSection
	GlobalSection(SolutionProperties) = preSolution
		HideSolutionNode = FALSE
	EndGlobalSection
	GlobalSection(ExtensibilityGlobals) = postSolution
		SolutionGuid = {81E887C3-2181-4B1C-8736-AB1241D6A59A}
	EndGlobalSection
EndGlobal
